
Microsoft Visual Studio Solution File, Format Version 12.00
# Visual Studio 15
VisualStudioVersion = 15.0.27004.2010
MinimumVisualStudioVersion = 10.0.40219.1
Project("{FAE04EC0-301F-11D3-BF4B-00C04F79EFBC}") = "ZigZagConversion", "ZigZagConversion\ZigZagConversion.csproj", "{0190FE32-8131-4209-BEE5-42690B651513}"
EndProject
Project("{FAE04EC0-301F-11D3-BF4B-00C04F79EFBC}") = "UnitTestProject1", "UnitTestProject1\UnitTestProject1.csproj", "{5ADBB6A9-28F0-44DA-A5AD-B98AB2BA1AC7}"
EndProject
Global
	GlobalSection(SolutionConfigurationPlatforms) = preSolution
		Debug|Any CPU = Debug|Any CPU
		Release|Any CPU = Release|Any CPU
	EndGlobalSection
	GlobalSection(ProjectConfigurationPlatforms) = postSolution
		{0190FE32-8131-4209-BEE5-42690B651513}.Debug|Any CPU.ActiveCfg = Debug|Any CPU
		{0190FE32-8131-4209-BEE5-42690B651513}.Debug|Any CPU.Build.0 = Debug|Any CPU
		{0190FE32-8131-4209-BEE5-42690B651513}.Release|Any CPU.ActiveCfg = Release|Any CPU
		{0190FE32-8131-4209-BEE5-42690B651513}.Release|Any CPU.Build.0 = Release|Any CPU
		{5ADBB6A9-28F0-44DA-A5AD-B98AB2BA1AC7}.Debug|Any CPU.ActiveCfg = Debug|Any CPU
		{5ADBB6A9-28F0-44DA-A5AD-B98AB2BA1AC7}.Debug|Any CPU.Build.0 = Debug|Any CPU
		{5ADBB6A9-28F0-44DA-A5AD-B98AB2BA1AC7}.Release|Any CPU.ActiveCfg = Release|Any CPU
		{5ADBB6A9-28F0-44DA-A5AD-B98AB2BA1AC7}.Release|Any CPU.Build.0 = Release|Any CPU
	EndGlobalSection
	GlobalSection(SolutionProperties) = preSolution
		HideSolutionNode = FALSE
	EndGlobalSection
	GlobalSection(ExtensibilityGlobals) = postSolution
		SolutionGuid = {990F04CE-75D1-4493-95D4-A6E8BE57C88E}
	EndGlobalSection
EndGlobal
